# This file was autogenerated by uv via the following command:
#    uv pip compile --universal --python-version 3.13 requirements.txt --output-file requirements.lock
annotated-types==0.8.0
    # via pydantic
anyio==4.15.1
    # via
    #   httpx
    #   httpx2
    #   langsmith
    #   openai
beautifulsoup4==4.14.3
    # via
    #   -r requirements.txt
    #   markdownify
    #   markitdown
certifi==2026.7.22
    # via
    #   httpcore
    #   httpx
    #   requests
charset-normalizer==3.5.1
    # via
    #   markitdown
    #   requests
click==8.5.0
    # via magika
cobble==0.1.4
    # via mammoth
colorama==0.4.6 ; sys_platform == 'win32'
    # via tqdm
coloredlogs==15.0.1
    # via onnxruntime
defusedxml==0.7.1
    # via markitdown
distro==1.9.0
    # via
    #   langsmith
    #   openai
et-xmlfile==2.0.0
    # via openpyxl
flatbuffers==25.12.19
    # via onnxruntime
greenlet==3.5.6
    # via playwright
h11==0.16.0
    # via
    #   httpcore
    #   httpcore2
httpcore==1.0.9
    # via httpx
httpcore2==2.13.1 ; sys_platform != 'emscripten'
    # via httpx2
httplib2==0.32.0
    # via plantuml
httpx==0.28.1
    # via
    #   langchain-core
    #   openai
httpx2==2.13.1
    # via langsmith
httpx2-jsfetch==1.0 ; sys_platform == 'emscripten'
    # via httpx2
humanfriendly==10.0
    # via coloredlogs
idna==3.20
    # via
    #   anyio
    #   httpx
    #   httpx2
    #   requests
imagehash==4.3.2
    # via -r requirements.txt
jdk4py==25.0.2.1
    # via -r requirements.txt
jiter==0.17.0
    # via openai
jsonpatch==1.33
    # via langchain-core
jsonpointer==3.1.1
    # via jsonpatch
langchain-core==1.6.5
    # via langchain-openai
langchain-openai==1.1.12
    # via -r requirements.txt
langchain-protocol==0.0.19
    # via langchain-core
langsmith==0.14.0
    # via langchain-core
linkify-it-py==2.1.0
    # via -r requirements.txt
lxml==6.1.3
    # via
    #   markitdown
    #   python-pptx
magika==0.6.3
    # via markitdown
mammoth==1.11.0
    # via markitdown
markdown-it-py==4.2.0
    # via markdown-pdf
markdown-pdf==1.13.2
    # via -r requirements.txt
markdownify==1.2.2
    # via
    #   -r requirements.txt
    #   markitdown
markitdown==0.1.5
    # via -r requirements.txt
mdurl==0.1.2
    # via markdown-it-py
mpmath==1.3.0
    # via sympy
numpy==2.5.3
    # via
    #   imagehash
    #   magika
    #   onnxruntime
    #   pandas
    #   pywavelets
    #   scipy
onnxruntime==1.20.1
    # via magika
openai==2.54.0
    # via langchain-openai
opendataloader-pdf==2.5.11
    # via -r requirements.txt
openpyxl==3.1.5
    # via markitdown
orjson==3.12.0 ; platform_python_implementation != 'PyPy'
    # via langsmith
packaging==26.3
    # via
    #   langchain-core
    #   langsmith
    #   onnxruntime
pandas==3.0.6
    # via markitdown
pillow==12.1.1
    # via
    #   -r requirements.txt
    #   imagehash
    #   python-pptx
plantuml==0.3.0
    # via markdown-pdf
playwright==1.58.0
    # via -r requirements.txt
protobuf==7.36.2
    # via onnxruntime
pydantic==2.13.5
    # via
    #   langchain-core
    #   langsmith
    #   openai
pydantic-core==2.46.5
    # via pydantic
pyee==13.0.1
    # via playwright
pymupdf==1.28.2
    # via markdown-pdf
pyparsing==3.3.3
    # via httplib2
pyreadline3==3.5.6 ; sys_platform == 'win32'
    # via humanfriendly
python-dateutil==2.9.0.post0
    # via pandas
python-dotenv==1.2.3
    # via magika
python-pptx==1.0.2
    # via markitdown
pywavelets==1.10.0
    # via imagehash
pyyaml==6.0.3
    # via langchain-core
regex==2026.9.10
    # via tiktoken
requests==2.33.0
    # via
    #   -r requirements.txt
    #   langsmith
    #   markdown-pdf
    #   markitdown
    #   requests-toolbelt
    #   tiktoken
requests-toolbelt==1.0.0
    # via langsmith
scipy==1.18.1
    # via imagehash
six==1.17.0
    # via
    #   markdown-pdf
    #   markdownify
    #   python-dateutil
sniffio==1.3.1
    # via
    #   langsmith
    #   openai
soupsieve==2.10
    # via beautifulsoup4
sympy==1.14.0
    # via onnxruntime
tenacity==9.1.4
    # via langchain-core
tiktoken==0.14.0
    # via langchain-openai
tqdm==4.70.1
    # via openai
truststore==0.10.4 ; sys_platform != 'emscripten'
    # via
    #   httpcore2
    #   httpx2
typing-extensions==4.16.0
    # via
    #   anyio
    #   beautifulsoup4
    #   langchain-core
    #   langchain-protocol
    #   langsmith
    #   openai
    #   pydantic
    #   pydantic-core
    #   pyee
    #   python-pptx
    #   typing-inspection
typing-inspection==0.4.4
    # via pydantic
tzdata==2026.4 ; sys_platform == 'emscripten' or sys_platform == 'win32'
    # via pandas
uc-micro-py==2.0.0
    # via linkify-it-py
urllib3==2.8.0
    # via requests
uuid-utils==0.17.1
    # via
    #   langchain-core
    #   langsmith
websockets==17.1
    # via langsmith
xlrd==2.0.2
    # via markitdown
xlsxwriter==3.2.9
    # via python-pptx
xxhash==4.0.1
    # via langsmith
zstandard==0.25.0
    # via langsmith
